
Microsoft Visual Studio Solution File, Format Version 12.00
# Visual Studio Version 16
VisualStudioVersion = 16.0.29519.181
MinimumVisualStudioVersion = 10.0.40219.1
Project("{FAE04EC0-301F-11D3-BF4B-00C04F79EFBC}") = "WindowsFormsApp3 UI Design", "WindowsFormsApp3 UI Design\WindowsFormsApp3 UI Design.csproj", "{163F85BF-CF7F-44AC-980C-6D3F442D9F0F}"
EndProject
Global
	GlobalSection(SolutionConfigurationPlatforms) = preSolution
		Debug|Any CPU = Debug|Any CPU
		Release|Any CPU = Release|Any CPU
	EndGlobalSection
	GlobalSection(ProjectConfigurationPlatforms) = postSolution
		{163F85BF-CF7F-44AC-980C-6D3F442D9F0F}.Debug|Any CPU.ActiveCfg = Debug|Any CPU
		{163F85BF-CF7F-44AC-980C-6D3F442D9F0F}.Debug|Any CPU.Build.0 = Debug|Any CPU
		{163F85BF-CF7F-44AC-980C-6D3F442D9F0F}.Release|Any CPU.ActiveCfg = Release|Any CPU
		{163F85BF-CF7F-44AC-980C-6D3F442D9F0F}.Release|Any CPU.Build.0 = Release|Any CPU
	EndGlobalSection
	GlobalSection(SolutionProperties) = preSolution
		HideSolutionNode = FALSE
	EndGlobalSection
	GlobalSection(ExtensibilityGlobals) = postSolution
		SolutionGuid = {B40DB8B0-A6FD-4FB2-9444-BEFA074E2E25}
	EndGlobalSection
EndGlobal
